
Microsoft Visual Studio Solution File, Format Version 12.00
# Visual Studio Version 16
VisualStudioVersion = 16.0.28922.388
MinimumVisualStudioVersion = 10.0.40219.1
Project("{2150E333-8FDC-42A3-9474-1A3956D46DE8}") = "0. Solution items", "0. Solution items", "{7664A776-FBC4-4DB1-BE35-29E9664E24B4}"
	ProjectSection(SolutionItems) = preProject
		.gitignore = .gitignore
		LICENSE = LICENSE
		README.md = README.md
		settings.yaml = settings.yaml
	EndProjectSection
EndProject
Project("{9A19103F-16F7-4668-BE54-9A1E7A4F7556}") = "Lykke.Job.ChainalysisHistoryExporter.Tests", "tests\Lykke.Job.ChainalysisHistoryExporter.Tests\Lykke.Job.ChainalysisHistoryExporter.Tests.csproj", "{A61FFDEE-5725-4650-A788-6E55EE5EFD5B}"
EndProject
Project("{9A19103F-16F7-4668-BE54-9A1E7A4F7556}") = "Lykke.Job.ChainalysisHistoryExporter", "src\Lykke.Job.ChainalysisHistoryExporter\Lykke.Job.ChainalysisHistoryExporter.csproj", "{5566FD3E-0DB6-4BF3-A98D-4A1181B3E02C}"
EndProject
Project("{2150E333-8FDC-42A3-9474-1A3956D46DE8}") = "2. Tools", "2. Tools", "{5765F23A-AE6E-46D1-A2CD-36A13E8840EE}"
EndProject
Project("{2150E333-8FDC-42A3-9474-1A3956D46DE8}") = "1. Tests", "1. Tests", "{43039813-1CA8-49FA-81BC-E8DA6AE3D934}"
EndProject
Project("{9A19103F-16F7-4668-BE54-9A1E7A4F7556}") = "InvalidAddressRemover", "tools\InvalidAddressRemover\InvalidAddressRemover.csproj", "{61B9C3E6-E7A5-4255-B512-56F0189C1749}"
EndProject
Project("{9A19103F-16F7-4668-BE54-9A1E7A4F7556}") = "ReportSnapshotUploader", "tools\ReportSnapshotUploader\ReportSnapshotUploader.csproj", "{F14240A8-8F98-4CAF-BCA7-3A6C9E3BFB21}"
EndProject
Global
	GlobalSection(SolutionConfigurationPlatforms) = preSolution
		Debug|Any CPU = Debug|Any CPU
		Release|Any CPU = Release|Any CPU
	EndGlobalSection
	GlobalSection(ProjectConfigurationPlatforms) = postSolution
		{A61FFDEE-5725-4650-A788-6E55EE5EFD5B}.Debug|Any CPU.ActiveCfg = Debug|Any CPU
		{A61FFDEE-5725-4650-A788-6E55EE5EFD5B}.Debug|Any CPU.Build.0 = Debug|Any CPU
		{A61FFDEE-5725-4650-A788-6E55EE5EFD5B}.Release|Any CPU.ActiveCfg = Release|Any CPU
		{A61FFDEE-5725-4650-A788-6E55EE5EFD5B}.Release|Any CPU.Build.0 = Release|Any CPU
		{5566FD3E-0DB6-4BF3-A98D-4A1181B3E02C}.Debug|Any CPU.ActiveCfg = Debug|Any CPU
		{5566FD3E-0DB6-4BF3-A98D-4A1181B3E02C}.Debug|Any CPU.Build.0 = Debug|Any CPU
		{5566FD3E-0DB6-4BF3-A98D-4A1181B3E02C}.Release|Any CPU.ActiveCfg = Release|Any CPU
		{5566FD3E-0DB6-4BF3-A98D-4A1181B3E02C}.Release|Any CPU.Build.0 = Release|Any CPU
		{61B9C3E6-E7A5-4255-B512-56F0189C1749}.Debug|Any CPU.ActiveCfg = Debug|Any CPU
		{61B9C3E6-E7A5-4255-B512-56F0189C1749}.Debug|Any CPU.Build.0 = Debug|Any CPU
		{61B9C3E6-E7A5-4255-B512-56F0189C1749}.Release|Any CPU.ActiveCfg = Release|Any CPU
		{61B9C3E6-E7A5-4255-B512-56F0189C1749}.Release|Any CPU.Build.0 = Release|Any CPU
		{F14240A8-8F98-4CAF-BCA7-3A6C9E3BFB21}.Debug|Any CPU.ActiveCfg = Debug|Any CPU
		{F14240A8-8F98-4CAF-BCA7-3A6C9E3BFB21}.Debug|Any CPU.Build.0 = Debug|Any CPU
		{F14240A8-8F98-4CAF-BCA7-3A6C9E3BFB21}.Release|Any CPU.ActiveCfg = Release|Any CPU
		{F14240A8-8F98-4CAF-BCA7-3A6C9E3BFB21}.Release|Any CPU.Build.0 = Release|Any CPU
	EndGlobalSection
	GlobalSection(SolutionProperties) = preSolution
		HideSolutionNode = FALSE
	EndGlobalSection
	GlobalSection(NestedProjects) = preSolution
		{A61FFDEE-5725-4650-A788-6E55EE5EFD5B} = {43039813-1CA8-49FA-81BC-E8DA6AE3D934}
		{61B9C3E6-E7A5-4255-B512-56F0189C1749} = {5765F23A-AE6E-46D1-A2CD-36A13E8840EE}
		{F14240A8-8F98-4CAF-BCA7-3A6C9E3BFB21} = {5765F23A-AE6E-46D1-A2CD-36A13E8840EE}
	EndGlobalSection
	GlobalSection(ExtensibilityGlobals) = postSolution
		SolutionGuid = {EB6C0EF4-AA6A-444D-8603-3669F73A58BC}
	EndGlobalSection
EndGlobal
